
Microsoft Visual Studio Solution File, Format Version 12.00
# Visual Studio for Mac
Project("{FAE04EC0-301F-11D3-BF4B-00C04F79EFBC}") = "Country-Match", "Country-Match.csproj", "{2A9528F1-BA8F-6014-960B-54A54D423128}"
EndProject
Global
	GlobalSection(SolutionConfigurationPlatforms) = preSolution
		Debug|Any CPU = Debug|Any CPU
		Release|Any CPU = Release|Any CPU
	EndGlobalSection
	GlobalSection(ProjectConfigurationPlatforms) = postSolution
		{2A9528F1-BA8F-6014-960B-54A54D423128}.Debug|Any CPU.ActiveCfg = Debug|Any CPU
		{2A9528F1-BA8F-6014-960B-54A54D423128}.Debug|Any CPU.Build.0 = Debug|Any CPU
		{2A9528F1-BA8F-6014-960B-54A54D423128}.Release|Any CPU.ActiveCfg = Release|Any CPU
		{2A9528F1-BA8F-6014-960B-54A54D423128}.Release|Any CPU.Build.0 = Release|Any CPU
	EndGlobalSection
	GlobalSection(SolutionProperties) = preSolution
		HideSolutionNode = FALSE
	EndGlobalSection
EndGlobal
